
Microsoft Visual Studio Solution File, Format Version 12.00
# Visual Studio 15
Project("{FAE04EC0-301F-11D3-BF4B-00C04F79EFBC}") = "Assembly-CSharp", "Assembly-CSharp.csproj", "{3B1B2BE0-1653-9ABB-5774-E07884D9279B}"
EndProject
Project("{FAE04EC0-301F-11D3-BF4B-00C04F79EFBC}") = "Assembly-CSharp-Editor", "Assembly-CSharp-Editor.csproj", "{6394269F-8770-8787-B091-0A98F13FB955}"
EndProject
Global
	GlobalSection(SolutionConfigurationPlatforms) = preSolution
		Debug|Any CPU = Debug|Any CPU
		Release|Any CPU = Release|Any CPU
	EndGlobalSection
	GlobalSection(ProjectConfigurationPlatforms) = postSolution
		{3B1B2BE0-1653-9ABB-5774-E07884D9279B}.Debug|Any CPU.ActiveCfg = Debug|Any CPU
		{3B1B2BE0-1653-9ABB-5774-E07884D9279B}.Debug|Any CPU.Build.0 = Debug|Any CPU
		{3B1B2BE0-1653-9ABB-5774-E07884D9279B}.Release|Any CPU.ActiveCfg = Release|Any CPU
		{3B1B2BE0-1653-9ABB-5774-E07884D9279B}.Release|Any CPU.Build.0 = Release|Any CPU
		{6394269F-8770-8787-B091-0A98F13FB955}.Debug|Any CPU.ActiveCfg = Debug|Any CPU
		{6394269F-8770-8787-B091-0A98F13FB955}.Debug|Any CPU.Build.0 = Debug|Any CPU
		{6394269F-8770-8787-B091-0A98F13FB955}.Release|Any CPU.ActiveCfg = Release|Any CPU
		{6394269F-8770-8787-B091-0A98F13FB955}.Release|Any CPU.Build.0 = Release|Any CPU
	EndGlobalSection
	GlobalSection(SolutionProperties) = preSolution
		HideSolutionNode = FALSE
	EndGlobalSection
EndGlobal
